// !$*UTF8*$!
{
	archiveVersion = 1;
	classes = {
	};
	objectVersion = 51;
	objects = {

/* Begin PBXBuildFile section */
		0B16B7A62623BF8100CED0B9 /* RecommentationResponse.swift in Sources */ = {isa = PBXBuildFile; fileRef = 0B16B7A52623BF8100CED0B9 /* RecommentationResponse.swift */; };
		0B21816125EDCD6800F50C08 /* SettingsModels.swift in Sources */ = {isa = PBXBuildFile; fileRef = 0B21816025EDCD6800F50C08 /* SettingsModels.swift */; };
		0B4B2372261E7BE20002A760 /* FeaturedPlaylistResponse.swift in Sources */ = {isa = PBXBuildFile; fileRef = 0B4B2371261E7BE20002A760 /* FeaturedPlaylistResponse.swift */; };
		0B4B237B261FC61F0002A760 /* RecommendedGenresResponse.swift in Sources */ = {isa = PBXBuildFile; fileRef = 0B4B237A261FC61F0002A760 /* RecommendedGenresResponse.swift */; };
		0BB5913C261D317000D95B64 /* NewReleasesResponse.swift in Sources */ = {isa = PBXBuildFile; fileRef = 0BB5913B261D317000D95B64 /* NewReleasesResponse.swift */; };
		0BB5913F261D32E300D95B64 /* APIImage.swift in Sources */ = {isa = PBXBuildFile; fileRef = 0BB5913E261D32E300D95B64 /* APIImage.swift */; };
		0BBD1E9E2627B4880076E2EA /* NewReleasesCellViewModel.swift in Sources */ = {isa = PBXBuildFile; fileRef = 0BBD1E9D2627B4880076E2EA /* NewReleasesCellViewModel.swift */; };
		0BD1648925E096E8009211D7 /* Extensions.swift in Sources */ = {isa = PBXBuildFile; fileRef = 0BD1648825E096E8009211D7 /* Extensions.swift */; };
		0BD1648E25E5D3C2009211D7 /* AuthResponse.swift in Sources */ = {isa = PBXBuildFile; fileRef = 0BD1648D25E5D3C2009211D7 /* AuthResponse.swift */; };
		0BFBEAFE25DC9FBA0026CEC8 /* AppDelegate.swift in Sources */ = {isa = PBXBuildFile; fileRef = 0BFBEAFD25DC9FBA0026CEC8 /* AppDelegate.swift */; };
		0BFBEB0025DC9FBA0026CEC8 /* SceneDelegate.swift in Sources */ = {isa = PBXBuildFile; fileRef = 0BFBEAFF25DC9FBA0026CEC8 /* SceneDelegate.swift */; };
		0BFBEB0225DC9FBA0026CEC8 /* HomeViewController.swift in Sources */ = {isa = PBXBuildFile; fileRef = 0BFBEB0125DC9FBA0026CEC8 /* HomeViewController.swift */; };
		0BFBEB0725DC9FBB0026CEC8 /* Assets.xcassets in Resources */ = {isa = PBXBuildFile; fileRef = 0BFBEB0625DC9FBB0026CEC8 /* Assets.xcassets */; };
		0BFBEB0A25DC9FBB0026CEC8 /* LaunchScreen.storyboard in Resources */ = {isa = PBXBuildFile; fileRef = 0BFBEB0825DC9FBB0026CEC8 /* LaunchScreen.storyboard */; };
		0BFBEB1C25DCA3BD0026CEC8 /* TabBarViewController.swift in Sources */ = {isa = PBXBuildFile; fileRef = 0BFBEB1B25DCA3BD0026CEC8 /* TabBarViewController.swift */; };
		0BFBEB2025DCA3FB0026CEC8 /* SearchViewController.swift in Sources */ = {isa = PBXBuildFile; fileRef = 0BFBEB1F25DCA3FB0026CEC8 /* SearchViewController.swift */; };
		0BFBEB2325DCA4150026CEC8 /* LibraryViewController.swift in Sources */ = {isa = PBXBuildFile; fileRef = 0BFBEB2225DCA4150026CEC8 /* LibraryViewController.swift */; };
		0BFBEB2925DCA4500026CEC8 /* AuthViewController.swift in Sources */ = {isa = PBXBuildFile; fileRef = 0BFBEB2825DCA4500026CEC8 /* AuthViewController.swift */; };
		0BFBEB2D25DCA46A0026CEC8 /* WelcomeViewController.swift in Sources */ = {isa = PBXBuildFile; fileRef = 0BFBEB2C25DCA46A0026CEC8 /* WelcomeViewController.swift */; };
		0BFBEB3025DCA4760026CEC8 /* SettingsViewController.swift in Sources */ = {isa = PBXBuildFile; fileRef = 0BFBEB2F25DCA4760026CEC8 /* SettingsViewController.swift */; };
		0BFBEB3325DCA4910026CEC8 /* ProfileViewController.swift in Sources */ = {isa = PBXBuildFile; fileRef = 0BFBEB3225DCA4910026CEC8 /* ProfileViewController.swift */; };
		0BFBEB3625DCA4B70026CEC8 /* PlayerViewController.swift in Sources */ = {isa = PBXBuildFile; fileRef = 0BFBEB3525DCA4B70026CEC8 /* PlayerViewController.swift */; };
		0BFBEB3925DCA4D00026CEC8 /* PlaylistViewController.swift in Sources */ = {isa = PBXBuildFile; fileRef = 0BFBEB3825DCA4D00026CEC8 /* PlaylistViewController.swift */; };
		0BFBEB3C25DCA4F90026CEC8 /* SearchResultsViewController.swift in Sources */ = {isa = PBXBuildFile; fileRef = 0BFBEB3B25DCA4F90026CEC8 /* SearchResultsViewController.swift */; };
		0BFBEB4B25DDF6420026CEC8 /* AuthManager.swift in Sources */ = {isa = PBXBuildFile; fileRef = 0BFBEB4A25DDF6420026CEC8 /* AuthManager.swift */; };
		0BFBEB4E25DDF6570026CEC8 /* APICaller.swift in Sources */ = {isa = PBXBuildFile; fileRef = 0BFBEB4D25DDF6570026CEC8 /* APICaller.swift */; };
		0BFBEB5125DDF6800026CEC8 /* HapticManager.swift in Sources */ = {isa = PBXBuildFile; fileRef = 0BFBEB5025DDF6800026CEC8 /* HapticManager.swift */; };
		0BFBEB5425DDF6A50026CEC8 /* Playlist.swift in Sources */ = {isa = PBXBuildFile; fileRef = 0BFBEB5325DDF6A50026CEC8 /* Playlist.swift */; };
		0BFBEB5725DDF6B80026CEC8 /* AudioTrack.swift in Sources */ = {isa = PBXBuildFile; fileRef = 0BFBEB5625DDF6B80026CEC8 /* AudioTrack.swift */; };
		0BFBEB5A25DDF6CA0026CEC8 /* Artist.swift in Sources */ = {isa = PBXBuildFile; fileRef = 0BFBEB5925DDF6CA0026CEC8 /* Artist.swift */; };
		0BFBEB5D25DDF6DD0026CEC8 /* UserProfile.swift in Sources */ = {isa = PBXBuildFile; fileRef = 0BFBEB5C25DDF6DD0026CEC8 /* UserProfile.swift */; };
		0BFEF2982626691000AE0388 /* NewReleaseCollectionViewCell.swift in Sources */ = {isa = PBXBuildFile; fileRef = 0BFEF2972626691000AE0388 /* NewReleaseCollectionViewCell.swift */; };
		0BFEF29C2626695500AE0388 /* FeaturedPlaylistCollectionViewCell.swift in Sources */ = {isa = PBXBuildFile; fileRef = 0BFEF29B2626695500AE0388 /* FeaturedPlaylistCollectionViewCell.swift */; };
		0BFEF29F2626699500AE0388 /* RecommendedtrackCollectionViewCell.swift in Sources */ = {isa = PBXBuildFile; fileRef = 0BFEF29E2626699500AE0388 /* RecommendedtrackCollectionViewCell.swift */; };
		AB0687986D62B67B26D34D0A /* Pods_Spotify.framework in Frameworks */ = {isa = PBXBuildFile; fileRef = A6D6108AF77E0C33C057E152 /* Pods_Spotify.framework */; };
/* End PBXBuildFile section */

/* Begin PBXFileReference section */
		0B16B7A52623BF8100CED0B9 /* RecommentationResponse.swift */ = {isa = PBXFileReference; lastKnownFileType = sourcecode.swift; path = RecommentationResponse.swift; sourceTree = "<group>"; };
		0B21816025EDCD6800F50C08 /* SettingsModels.swift */ = {isa = PBXFileReference; lastKnownFileType = sourcecode.swift; path = SettingsModels.swift; sourceTree = "<group>"; };
		0B4B2371261E7BE20002A760 /* FeaturedPlaylistResponse.swift */ = {isa = PBXFileReference; lastKnownFileType = sourcecode.swift; path = FeaturedPlaylistResponse.swift; sourceTree = "<group>"; };
		0B4B237A261FC61F0002A760 /* RecommendedGenresResponse.swift */ = {isa = PBXFileReference; lastKnownFileType = sourcecode.swift; path = RecommendedGenresResponse.swift; sourceTree = "<group>"; };
		0BB5913B261D317000D95B64 /* NewReleasesResponse.swift */ = {isa = PBXFileReference; lastKnownFileType = sourcecode.swift; path = NewReleasesResponse.swift; sourceTree = "<group>"; };
		0BB5913E261D32E300D95B64 /* APIImage.swift */ = {isa = PBXFileReference; lastKnownFileType = sourcecode.swift; path = APIImage.swift; sourceTree = "<group>"; };
		0BBD1E9D2627B4880076E2EA /* NewReleasesCellViewModel.swift */ = {isa = PBXFileReference; lastKnownFileType = sourcecode.swift; path = NewReleasesCellViewModel.swift; sourceTree = "<group>"; };
		0BD1648825E096E8009211D7 /* Extensions.swift */ = {isa = PBXFileReference; lastKnownFileType = sourcecode.swift; path = Extensions.swift; sourceTree = "<group>"; };
		0BD1648D25E5D3C2009211D7 /* AuthResponse.swift */ = {isa = PBXFileReference; lastKnownFileType = sourcecode.swift; path = AuthResponse.swift; sourceTree = "<group>"; };
		0BFBEAFA25DC9FBA0026CEC8 /* Spotify.app */ = {isa = PBXFileReference; explicitFileType = wrapper.application; includeInIndex = 0; path = Spotify.app; sourceTree = BUILT_PRODUCTS_DIR; };
		0BFBEAFD25DC9FBA0026CEC8 /* AppDelegate.swift */ = {isa = PBXFileReference; lastKnownFileType = sourcecode.swift; path = AppDelegate.swift; sourceTree = "<group>"; };
		0BFBEAFF25DC9FBA0026CEC8 /* SceneDelegate.swift */ = {isa = PBXFileReference; lastKnownFileType = sourcecode.swift; path = SceneDelegate.swift; sourceTree = "<group>"; };
		0BFBEB0125DC9FBA0026CEC8 /* HomeViewController.swift */ = {isa = PBXFileReference; lastKnownFileType = sourcecode.swift; path = HomeViewController.swift; sourceTree = "<group>"; };
		0BFBEB0625DC9FBB0026CEC8 /* Assets.xcassets */ = {isa = PBXFileReference; lastKnownFileType = folder.assetcatalog; path = Assets.xcassets; sourceTree = "<group>"; };
		0BFBEB0925DC9FBB0026CEC8 /* Base */ = {isa = PBXFileReference; lastKnownFileType = file.storyboard; name = Base; path = Base.lproj/LaunchScreen.storyboard; sourceTree = "<group>"; };
		0BFBEB0B25DC9FBB0026CEC8 /* Info.plist */ = {isa = PBXFileReference; lastKnownFileType = text.plist.xml; path = Info.plist; sourceTree = "<group>"; };
		0BFBEB1B25DCA3BD0026CEC8 /* TabBarViewController.swift */ = {isa = PBXFileReference; lastKnownFileType = sourcecode.swift; path = TabBarViewController.swift; sourceTree = "<group>"; };
		0BFBEB1F25DCA3FB0026CEC8 /* SearchViewController.swift */ = {isa = PBXFileReference; lastKnownFileType = sourcecode.swift; path = SearchViewController.swift; sourceTree = "<group>"; };
		0BFBEB2225DCA4150026CEC8 /* LibraryViewController.swift */ = {isa = PBXFileReference; lastKnownFileType = sourcecode.swift; path = LibraryViewController.swift; sourceTree = "<group>"; };
		0BFBEB2825DCA4500026CEC8 /* AuthViewController.swift */ = {isa = PBXFileReference; lastKnownFileType = sourcecode.swift; path = AuthViewController.swift; sourceTree = "<group>"; };
		0BFBEB2C25DCA46A0026CEC8 /* WelcomeViewController.swift */ = {isa = PBXFileReference; lastKnownFileType = sourcecode.swift; path = WelcomeViewController.swift; sourceTree = "<group>"; };
		0BFBEB2F25DCA4760026CEC8 /* SettingsViewController.swift */ = {isa = PBXFileReference; lastKnownFileType = sourcecode.swift; path = SettingsViewController.swift; sourceTree = "<group>"; };
		0BFBEB3225DCA4910026CEC8 /* ProfileViewController.swift */ = {isa = PBXFileReference; lastKnownFileType = sourcecode.swift; path = ProfileViewController.swift; sourceTree = "<group>"; };
		0BFBEB3525DCA4B70026CEC8 /* PlayerViewController.swift */ = {isa = PBXFileReference; lastKnownFileType = sourcecode.swift; path = PlayerViewController.swift; sourceTree = "<group>"; };
		0BFBEB3825DCA4D00026CEC8 /* PlaylistViewController.swift */ = {isa = PBXFileReference; lastKnownFileType = sourcecode.swift; path = PlaylistViewController.swift; sourceTree = "<group>"; };
		0BFBEB3B25DCA4F90026CEC8 /* SearchResultsViewController.swift */ = {isa = PBXFileReference; lastKnownFileType = sourcecode.swift; path = SearchResultsViewController.swift; sourceTree = "<group>"; };
		0BFBEB4A25DDF6420026CEC8 /* AuthManager.swift */ = {isa = PBXFileReference; lastKnownFileType = sourcecode.swift; path = AuthManager.swift; sourceTree = "<group>"; };
		0BFBEB4D25DDF6570026CEC8 /* APICaller.swift */ = {isa = PBXFileReference; lastKnownFileType = sourcecode.swift; path = APICaller.swift; sourceTree = "<group>"; };
		0BFBEB5025DDF6800026CEC8 /* HapticManager.swift */ = {isa = PBXFileReference; lastKnownFileType = sourcecode.swift; path = HapticManager.swift; sourceTree = "<group>"; };
		0BFBEB5325DDF6A50026CEC8 /* Playlist.swift */ = {isa = PBXFileReference; lastKnownFileType = sourcecode.swift; path = Playlist.swift; sourceTree = "<group>"; };
		0BFBEB5625DDF6B80026CEC8 /* AudioTrack.swift */ = {isa = PBXFileReference; lastKnownFileType = sourcecode.swift; path = AudioTrack.swift; sourceTree = "<group>"; };
		0BFBEB5925DDF6CA0026CEC8 /* Artist.swift */ = {isa = PBXFileReference; lastKnownFileType = sourcecode.swift; path = Artist.swift; sourceTree = "<group>"; };
		0BFBEB5C25DDF6DD0026CEC8 /* UserProfile.swift */ = {isa = PBXFileReference; lastKnownFileType = sourcecode.swift; path = UserProfile.swift; sourceTree = "<group>"; };
		0BFEF2972626691000AE0388 /* NewReleaseCollectionViewCell.swift */ = {isa = PBXFileReference; lastKnownFileType = sourcecode.swift; path = NewReleaseCollectionViewCell.swift; sourceTree = "<group>"; };
		0BFEF29B2626695500AE0388 /* FeaturedPlaylistCollectionViewCell.swift */ = {isa = PBXFileReference; lastKnownFileType = sourcecode.swift; path = FeaturedPlaylistCollectionViewCell.swift; sourceTree = "<group>"; };
		0BFEF29E2626699500AE0388 /* RecommendedtrackCollectionViewCell.swift */ = {isa = PBXFileReference; lastKnownFileType = sourcecode.swift; path = RecommendedtrackCollectionViewCell.swift; sourceTree = "<group>"; };
		A6D6108AF77E0C33C057E152 /* Pods_Spotify.framework */ = {isa = PBXFileReference; explicitFileType = wrapper.framework; includeInIndex = 0; path = Pods_Spotify.framework; sourceTree = BUILT_PRODUCTS_DIR; };
		CC44ED03EA879DB93527DC8E /* Pods-Spotify.release.xcconfig */ = {isa = PBXFileReference; includeInIndex = 1; lastKnownFileType = text.xcconfig; name = "Pods-Spotify.release.xcconfig"; path = "Target Support Files/Pods-Spotify/Pods-Spotify.release.xcconfig"; sourceTree = "<group>"; };
		EA3A1CB0C530F5F7CF782B4F /* Pods-Spotify.debug.xcconfig */ = {isa = PBXFileReference; includeInIndex = 1; lastKnownFileType = text.xcconfig; name = "Pods-Spotify.debug.xcconfig"; path = "Target Support Files/Pods-Spotify/Pods-Spotify.debug.xcconfig"; sourceTree = "<group>"; };
/* End PBXFileReference section */

/* Begin PBXFrameworksBuildPhase section */
		0BFBEAF725DC9FBA0026CEC8 /* Frameworks */ = {
			isa = PBXFrameworksBuildPhase;
			buildActionMask = 2147483647;
			files = (
				AB0687986D62B67B26D34D0A /* Pods_Spotify.framework in Frameworks */,
			);
			runOnlyForDeploymentPostprocessing = 0;
		};
/* End PBXFrameworksBuildPhase section */

/* Begin PBXGroup section */
		0BFBEAF125DC9FBA0026CEC8 = {
			isa = PBXGroup;
			children = (
				0BFBEAFC25DC9FBA0026CEC8 /* Spotify */,
				0BFBEAFB25DC9FBA0026CEC8 /* Products */,
				418DC6BABE3FC7A878CFAD1A /* Pods */,
				B87B2B0FB42924074B7F41D2 /* Frameworks */,
			);
			sourceTree = "<group>";
		};
		0BFBEAFB25DC9FBA0026CEC8 /* Products */ = {
			isa = PBXGroup;
			children = (
				0BFBEAFA25DC9FBA0026CEC8 /* Spotify.app */,
			);
			name = Products;
			sourceTree = "<group>";
		};
		0BFBEAFC25DC9FBA0026CEC8 /* Spotify */ = {
			isa = PBXGroup;
			children = (
				0BFBEB1725DCA0DE0026CEC8 /* Resources */,
				0BFBEB1625DCA09F0026CEC8 /* Managers */,
				0BFBEB1525DCA08E0026CEC8 /* ViewModels */,
				0BFBEB1425DCA08B0026CEC8 /* Models */,
				0BFBEB1225DCA0720026CEC8 /* Views */,
				0BFBEB1325DCA07A0026CEC8 /* Controllers */,
				0BFBEB0B25DC9FBB0026CEC8 /* Info.plist */,
			);
			path = Spotify;
			sourceTree = "<group>";
		};
		0BFBEB1225DCA0720026CEC8 /* Views */ = {
			isa = PBXGroup;
			children = (
				0BFEF296262668D100AE0388 /* Browse */,
				0BFBEB0825DC9FBB0026CEC8 /* LaunchScreen.storyboard */,
			);
			path = Views;
			sourceTree = "<group>";
		};
		0BFBEB1325DCA07A0026CEC8 /* Controllers */ = {
			isa = PBXGroup;
			children = (
				0BFBEB2725DCA42E0026CEC8 /* Other */,
				0BFBEB2525DCA4200026CEC8 /* Core */,
			);
			name = Controllers;
			path = "New Group/Controllers";
			sourceTree = "<group>";
		};
		0BFBEB1425DCA08B0026CEC8 /* Models */ = {
			isa = PBXGroup;
			children = (
				0BFBEB5325DDF6A50026CEC8 /* Playlist.swift */,
				0BFBEB5625DDF6B80026CEC8 /* AudioTrack.swift */,
				0BFBEB5925DDF6CA0026CEC8 /* Artist.swift */,
				0BFBEB5C25DDF6DD0026CEC8 /* UserProfile.swift */,
				0BD1648D25E5D3C2009211D7 /* AuthResponse.swift */,
				0B21816025EDCD6800F50C08 /* SettingsModels.swift */,
				0BB5913B261D317000D95B64 /* NewReleasesResponse.swift */,
				0BB5913E261D32E300D95B64 /* APIImage.swift */,
				0B4B2371261E7BE20002A760 /* FeaturedPlaylistResponse.swift */,
				0B4B237A261FC61F0002A760 /* RecommendedGenresResponse.swift */,
				0B16B7A52623BF8100CED0B9 /* RecommentationResponse.swift */,
			);
			path = Models;
			sourceTree = "<group>";
		};
		0BFBEB1525DCA08E0026CEC8 /* ViewModels */ = {
			isa = PBXGroup;
			children = (
				0BBD1E9D2627B4880076E2EA /* NewReleasesCellViewModel.swift */,
			);
			path = ViewModels;
			sourceTree = "<group>";
		};
		0BFBEB1625DCA09F0026CEC8 /* Managers */ = {
			isa = PBXGroup;
			children = (
				0BFBEB4A25DDF6420026CEC8 /* AuthManager.swift */,
				0BFBEB4D25DDF6570026CEC8 /* APICaller.swift */,
				0BFBEB5025DDF6800026CEC8 /* HapticManager.swift */,
			);
			path = Managers;
			sourceTree = "<group>";
		};
		0BFBEB1725DCA0DE0026CEC8 /* Resources */ = {
			isa = PBXGroup;
			children = (
				0BFBEAFD25DC9FBA0026CEC8 /* AppDelegate.swift */,
				0BFBEAFF25DC9FBA0026CEC8 /* SceneDelegate.swift */,
				0BD1648825E096E8009211D7 /* Extensions.swift */,
				0BFBEB0625DC9FBB0026CEC8 /* Assets.xcassets */,
			);
			path = Resources;
			sourceTree = "<group>";
		};
		0BFBEB2525DCA4200026CEC8 /* Core */ = {
			isa = PBXGroup;
			children = (
				0BFBEB0125DC9FBA0026CEC8 /* HomeViewController.swift */,
				0BFBEB2225DCA4150026CEC8 /* LibraryViewController.swift */,
				0BFBEB1F25DCA3FB0026CEC8 /* SearchViewController.swift */,
				0BFBEB1B25DCA3BD0026CEC8 /* TabBarViewController.swift */,
			);
			path = Core;
			sourceTree = "<group>";
		};
		0BFBEB2725DCA42E0026CEC8 /* Other */ = {
			isa = PBXGroup;
			children = (
				0BFBEB2825DCA4500026CEC8 /* AuthViewController.swift */,
				0BFBEB2C25DCA46A0026CEC8 /* WelcomeViewController.swift */,
				0BFBEB3225DCA4910026CEC8 /* ProfileViewController.swift */,
				0BFBEB2F25DCA4760026CEC8 /* SettingsViewController.swift */,
				0BFBEB3525DCA4B70026CEC8 /* PlayerViewController.swift */,
				0BFBEB3825DCA4D00026CEC8 /* PlaylistViewController.swift */,
				0BFBEB3B25DCA4F90026CEC8 /* SearchResultsViewController.swift */,
			);
			path = Other;
			sourceTree = "<group>";
		};
		0BFEF296262668D100AE0388 /* Browse */ = {
			isa = PBXGroup;
			children = (
				0BFEF2972626691000AE0388 /* NewReleaseCollectionViewCell.swift */,
				0BFEF29B2626695500AE0388 /* FeaturedPlaylistCollectionViewCell.swift */,
				0BFEF29E2626699500AE0388 /* RecommendedtrackCollectionViewCell.swift */,
			);
			path = Browse;
			sourceTree = "<group>";
		};
		418DC6BABE3FC7A878CFAD1A /* Pods */ = {
			isa = PBXGroup;
			children = (
				EA3A1CB0C530F5F7CF782B4F /* Pods-Spotify.debug.xcconfig */,
				CC44ED03EA879DB93527DC8E /* Pods-Spotify.release.xcconfig */,
			);
			path = Pods;
			sourceTree = "<group>";
		};
		B87B2B0FB42924074B7F41D2 /* Frameworks */ = {
			isa = PBXGroup;
			children = (
				A6D6108AF77E0C33C057E152 /* Pods_Spotify.framework */,
			);
			name = Frameworks;
			sourceTree = "<group>";
		};
/* End PBXGroup section */

/* Begin PBXNativeTarget section */
		0BFBEAF925DC9FBA0026CEC8 /* Spotify */ = {
			isa = PBXNativeTarget;
			buildConfigurationList = 0BFBEB0E25DC9FBB0026CEC8 /* Build configuration list for PBXNativeTarget "Spotify" */;
			buildPhases = (
				20BCB14CC1663E7568EB0C91 /* [CP] Check Pods Manifest.lock */,
				0BFBEAF625DC9FBA0026CEC8 /* Sources */,
				0BFBEAF725DC9FBA0026CEC8 /* Frameworks */,
				0BFBEAF825DC9FBA0026CEC8 /* Resources */,
				61CD58E64C68D8F5CEAA87F6 /* [CP] Embed Pods Frameworks */,
			);
			buildRules = (
			);
			dependencies = (
			);
			name = Spotify;
			productName = Spotify;
			productReference = 0BFBEAFA25DC9FBA0026CEC8 /* Spotify.app */;
			productType = "com.apple.product-type.application";
		};
/* End PBXNativeTarget section */

/* Begin PBXProject section */
		0BFBEAF225DC9FBA0026CEC8 /* Project object */ = {
			isa = PBXProject;
			attributes = {
				LastSwiftUpdateCheck = 1240;
				LastUpgradeCheck = 1240;
				TargetAttributes = {
					0BFBEAF925DC9FBA0026CEC8 = {
						CreatedOnToolsVersion = 12.4;
					};
				};
			};
			buildConfigurationList = 0BFBEAF525DC9FBA0026CEC8 /* Build configuration list for PBXProject "Spotify" */;
			compatibilityVersion = "Xcode 9.3";
			developmentRegion = en;
			hasScannedForEncodings = 0;
			knownRegions = (
				en,
				Base,
			);
			mainGroup = 0BFBEAF125DC9FBA0026CEC8;
			productRefGroup = 0BFBEAFB25DC9FBA0026CEC8 /* Products */;
			projectDirPath = "";
			projectRoot = "";
			targets = (
				0BFBEAF925DC9FBA0026CEC8 /* Spotify */,
			);
		};
/* End PBXProject section */

/* Begin PBXResourcesBuildPhase section */
		0BFBEAF825DC9FBA0026CEC8 /* Resources */ = {
			isa = PBXResourcesBuildPhase;
			buildActionMask = 2147483647;
			files = (
				0BFBEB0A25DC9FBB0026CEC8 /* LaunchScreen.storyboard in Resources */,
				0BFBEB0725DC9FBB0026CEC8 /* Assets.xcassets in Resources */,
			);
			runOnlyForDeploymentPostprocessing = 0;
		};
/* End PBXResourcesBuildPhase section */

/* Begin PBXShellScriptBuildPhase section */
		20BCB14CC1663E7568EB0C91 /* [CP] Check Pods Manifest.lock */ = {
			isa = PBXShellScriptBuildPhase;
			buildActionMask = 2147483647;
			files = (
			);
			inputFileListPaths = (
			);
			inputPaths = (
				"${PODS_PODFILE_DIR_PATH}/Podfile.lock",
				"${PODS_ROOT}/Manifest.lock",
			);
			name = "[CP] Check Pods Manifest.lock";
			outputFileListPaths = (
			);
			outputPaths = (
				"$(DERIVED_FILE_DIR)/Pods-Spotify-checkManifestLockResult.txt",
			);
			runOnlyForDeploymentPostprocessing = 0;
			shellPath = /bin/sh;
			shellScript = "diff \"${PODS_PODFILE_DIR_PATH}/Podfile.lock\" \"${PODS_ROOT}/Manifest.lock\" > /dev/null\nif [ $? != 0 ] ; then\n    # print error to STDERR\n    echo \"error: The sandbox is not in sync with the Podfile.lock. Run 'pod install' or update your CocoaPods installation.\" >&2\n    exit 1\nfi\n# This output is used by Xcode 'outputs' to avoid re-running this script phase.\necho \"SUCCESS\" > \"${SCRIPT_OUTPUT_FILE_0}\"\n";
			showEnvVarsInLog = 0;
		};
		61CD58E64C68D8F5CEAA87F6 /* [CP] Embed Pods Frameworks */ = {
			isa = PBXShellScriptBuildPhase;
			buildActionMask = 2147483647;
			files = (
			);
			inputFileListPaths = (
				"${PODS_ROOT}/Target Support Files/Pods-Spotify/Pods-Spotify-frameworks-${CONFIGURATION}-input-files.xcfilelist",
			);
			name = "[CP] Embed Pods Frameworks";
			outputFileListPaths = (
				"${PODS_ROOT}/Target Support Files/Pods-Spotify/Pods-Spotify-frameworks-${CONFIGURATION}-output-files.xcfilelist",
			);
			runOnlyForDeploymentPostprocessing = 0;
			shellPath = /bin/sh;
			shellScript = "\"${PODS_ROOT}/Target Support Files/Pods-Spotify/Pods-Spotify-frameworks.sh\"\n";
			showEnvVarsInLog = 0;
		};
/* End PBXShellScriptBuildPhase section */

/* Begin PBXSourcesBuildPhase section */
		0BFBEAF625DC9FBA0026CEC8 /* Sources */ = {
			isa = PBXSourcesBuildPhase;
			buildActionMask = 2147483647;
			files = (
				0BFBEB2025DCA3FB0026CEC8 /* SearchViewController.swift in Sources */,
				0BFBEB5425DDF6A50026CEC8 /* Playlist.swift in Sources */,
				0BFBEB4B25DDF6420026CEC8 /* AuthManager.swift in Sources */,
				0BBD1E9E2627B4880076E2EA /* NewReleasesCellViewModel.swift in Sources */,
				0B16B7A62623BF8100CED0B9 /* RecommentationResponse.swift in Sources */,
				0BFBEB5125DDF6800026CEC8 /* HapticManager.swift in Sources */,
				0B4B2372261E7BE20002A760 /* FeaturedPlaylistResponse.swift in Sources */,
				0BFBEB3C25DCA4F90026CEC8 /* SearchResultsViewController.swift in Sources */,
				0BFBEB2D25DCA46A0026CEC8 /* WelcomeViewController.swift in Sources */,
				0BFBEB3325DCA4910026CEC8 /* ProfileViewController.swift in Sources */,
				0BFBEB1C25DCA3BD0026CEC8 /* TabBarViewController.swift in Sources */,
				0BD1648E25E5D3C2009211D7 /* AuthResponse.swift in Sources */,
				0BB5913C261D317000D95B64 /* NewReleasesResponse.swift in Sources */,
				0BB5913F261D32E300D95B64 /* APIImage.swift in Sources */,
				0BFBEB5725DDF6B80026CEC8 /* AudioTrack.swift in Sources */,
				0BFEF29F2626699500AE0388 /* RecommendedtrackCollectionViewCell.swift in Sources */,
				0BFEF2982626691000AE0388 /* NewReleaseCollectionViewCell.swift in Sources */,
				0BFBEB0225DC9FBA0026CEC8 /* HomeViewController.swift in Sources */,
				0BFEF29C2626695500AE0388 /* FeaturedPlaylistCollectionViewCell.swift in Sources */,
				0BFBEB2925DCA4500026CEC8 /* AuthViewController.swift in Sources */,
				0BFBEAFE25DC9FBA0026CEC8 /* AppDelegate.swift in Sources */,
				0BFBEB5D25DDF6DD0026CEC8 /* UserProfile.swift in Sources */,
				0BD1648925E096E8009211D7 /* Extensions.swift in Sources */,
				0BFBEB2325DCA4150026CEC8 /* LibraryViewController.swift in Sources */,
				0BFBEB5A25DDF6CA0026CEC8 /* Artist.swift in Sources */,
				0B21816125EDCD6800F50C08 /* SettingsModels.swift in Sources */,
				0BFBEB3925DCA4D00026CEC8 /* PlaylistViewController.swift in Sources */,
				0BFBEB0025DC9FBA0026CEC8 /* SceneDelegate.swift in Sources */,
				0BFBEB3625DCA4B70026CEC8 /* PlayerViewController.swift in Sources */,
				0BFBEB4E25DDF6570026CEC8 /* APICaller.swift in Sources */,
				0BFBEB3025DCA4760026CEC8 /* SettingsViewController.swift in Sources */,
				0B4B237B261FC61F0002A760 /* RecommendedGenresResponse.swift in Sources */,
			);
			runOnlyForDeploymentPostprocessing = 0;
		};
/* End PBXSourcesBuildPhase section */

/* Begin PBXVariantGroup section */
		0BFBEB0825DC9FBB0026CEC8 /* LaunchScreen.storyboard */ = {
			isa = PBXVariantGroup;
			children = (
				0BFBEB0925DC9FBB0026CEC8 /* Base */,
			);
			name = LaunchScreen.storyboard;
			sourceTree = "<group>";
		};
/* End PBXVariantGroup section */

/* Begin XCBuildConfiguration section */
		0BFBEB0C25DC9FBB0026CEC8 /* Debug */ = {
			isa = XCBuildConfiguration;
			buildSettings = {
				ALWAYS_SEARCH_USER_PATHS = NO;
				CLANG_ANALYZER_NONNULL = YES;
				CLANG_ANALYZER_NUMBER_OBJECT_CONVERSION = YES_AGGRESSIVE;
				CLANG_CXX_LANGUAGE_STANDARD = "gnu++14";
				CLANG_CXX_LIBRARY = "libc++";
				CLANG_ENABLE_MODULES = YES;
				CLANG_ENABLE_OBJC_ARC = YES;
				CLANG_ENABLE_OBJC_WEAK = YES;
				CLANG_WARN_BLOCK_CAPTURE_AUTORELEASING = YES;
				CLANG_WARN_BOOL_CONVERSION = YES;
				CLANG_WARN_COMMA = YES;
				CLANG_WARN_CONSTANT_CONVERSION = YES;
				CLANG_WARN_DEPRECATED_OBJC_IMPLEMENTATIONS = YES;
				CLANG_WARN_DIRECT_OBJC_ISA_USAGE = YES_ERROR;
				CLANG_WARN_DOCUMENTATION_COMMENTS = YES;
				CLANG_WARN_EMPTY_BODY = YES;
				CLANG_WARN_ENUM_CONVERSION = YES;
				CLANG_WARN_INFINITE_RECURSION = YES;
				CLANG_WARN_INT_CONVERSION = YES;
				CLANG_WARN_NON_LITERAL_NULL_CONVERSION = YES;
				CLANG_WARN_OBJC_IMPLICIT_RETAIN_SELF = YES;
				CLANG_WARN_OBJC_LITERAL_CONVERSION = YES;
				CLANG_WARN_OBJC_ROOT_CLASS = YES_ERROR;
				CLANG_WARN_QUOTED_INCLUDE_IN_FRAMEWORK_HEADER = YES;
				CLANG_WARN_RANGE_LOOP_ANALYSIS = YES;
				CLANG_WARN_STRICT_PROTOTYPES = YES;
				CLANG_WARN_SUSPICIOUS_MOVE = YES;
				CLANG_WARN_UNGUARDED_AVAILABILITY = YES_AGGRESSIVE;
				CLANG_WARN_UNREACHABLE_CODE = YES;
				CLANG_WARN__DUPLICATE_METHOD_MATCH = YES;
				COPY_PHASE_STRIP = NO;
				DEBUG_INFORMATION_FORMAT = dwarf;
				ENABLE_STRICT_OBJC_MSGSEND = YES;
				ENABLE_TESTABILITY = YES;
				GCC_C_LANGUAGE_STANDARD = gnu11;
				GCC_DYNAMIC_NO_PIC = NO;
				GCC_NO_COMMON_BLOCKS = YES;
				GCC_OPTIMIZATION_LEVEL = 0;
				GCC_PREPROCESSOR_DEFINITIONS = (
					"DEBUG=1",
					"$(inherited)",
				);
				GCC_WARN_64_TO_32_BIT_CONVERSION = YES;
				GCC_WARN_ABOUT_RETURN_TYPE = YES_ERROR;
				GCC_WARN_UNDECLARED_SELECTOR = YES;
				GCC_WARN_UNINITIALIZED_AUTOS = YES_AGGRESSIVE;
				GCC_WARN_UNUSED_FUNCTION = YES;
				GCC_WARN_UNUSED_VARIABLE = YES;
				IPHONEOS_DEPLOYMENT_TARGET = 14.4;
				MTL_ENABLE_DEBUG_INFO = INCLUDE_SOURCE;
				MTL_FAST_MATH = YES;
				ONLY_ACTIVE_ARCH = YES;
				SDKROOT = iphoneos;
				SWIFT_ACTIVE_COMPILATION_CONDITIONS = DEBUG;
				SWIFT_OPTIMIZATION_LEVEL = "-Onone";
			};
			name = Debug;
		};
		0BFBEB0D25DC9FBB0026CEC8 /* Release */ = {
			isa = XCBuildConfiguration;
			buildSettings = {
				ALWAYS_SEARCH_USER_PATHS = NO;
				CLANG_ANALYZER_NONNULL = YES;
				CLANG_ANALYZER_NUMBER_OBJECT_CONVERSION = YES_AGGRESSIVE;
				CLANG_CXX_LANGUAGE_STANDARD = "gnu++14";
				CLANG_CXX_LIBRARY = "libc++";
				CLANG_ENABLE_MODULES = YES;
				CLANG_ENABLE_OBJC_ARC = YES;
				CLANG_ENABLE_OBJC_WEAK = YES;
				CLANG_WARN_BLOCK_CAPTURE_AUTORELEASING = YES;
				CLANG_WARN_BOOL_CONVERSION = YES;
				CLANG_WARN_COMMA = YES;
				CLANG_WARN_CONSTANT_CONVERSION = YES;
				CLANG_WARN_DEPRECATED_OBJC_IMPLEMENTATIONS = YES;
				CLANG_WARN_DIRECT_OBJC_ISA_USAGE = YES_ERROR;
				CLANG_WARN_DOCUMENTATION_COMMENTS = YES;
				CLANG_WARN_EMPTY_BODY = YES;
				CLANG_WARN_ENUM_CONVERSION = YES;
				CLANG_WARN_INFINITE_RECURSION = YES;
				CLANG_WARN_INT_CONVERSION = YES;
				CLANG_WARN_NON_LITERAL_NULL_CONVERSION = YES;
				CLANG_WARN_OBJC_IMPLICIT_RETAIN_SELF = YES;
				CLANG_WARN_OBJC_LITERAL_CONVERSION = YES;
				CLANG_WARN_OBJC_ROOT_CLASS = YES_ERROR;
				CLANG_WARN_QUOTED_INCLUDE_IN_FRAMEWORK_HEADER = YES;
				CLANG_WARN_RANGE_LOOP_ANALYSIS = YES;
				CLANG_WARN_STRICT_PROTOTYPES = YES;
				CLANG_WARN_SUSPICIOUS_MOVE = YES;
				CLANG_WARN_UNGUARDED_AVAILABILITY = YES_AGGRESSIVE;
				CLANG_WARN_UNREACHABLE_CODE = YES;
				CLANG_WARN__DUPLICATE_METHOD_MATCH = YES;
				COPY_PHASE_STRIP = NO;
				DEBUG_INFORMATION_FORMAT = "dwarf-with-dsym";
				ENABLE_NS_ASSERTIONS = NO;
				ENABLE_STRICT_OBJC_MSGSEND = YES;
				GCC_C_LANGUAGE_STANDARD = gnu11;
				GCC_NO_COMMON_BLOCKS = YES;
				GCC_WARN_64_TO_32_BIT_CONVERSION = YES;
				GCC_WARN_ABOUT_RETURN_TYPE = YES_ERROR;
				GCC_WARN_UNDECLARED_SELECTOR = YES;
				GCC_WARN_UNINITIALIZED_AUTOS = YES_AGGRESSIVE;
				GCC_WARN_UNUSED_FUNCTION = YES;
				GCC_WARN_UNUSED_VARIABLE = YES;
				IPHONEOS_DEPLOYMENT_TARGET = 14.4;
				MTL_ENABLE_DEBUG_INFO = NO;
				MTL_FAST_MATH = YES;
				SDKROOT = iphoneos;
				SWIFT_COMPILATION_MODE = wholemodule;
				SWIFT_OPTIMIZATION_LEVEL = "-O";
				VALIDATE_PRODUCT = YES;
			};
			name = Release;
		};
		0BFBEB0F25DC9FBB0026CEC8 /* Debug */ = {
			isa = XCBuildConfiguration;
			baseConfigurationReference = EA3A1CB0C530F5F7CF782B4F /* Pods-Spotify.debug.xcconfig */;
			buildSettings = {
				ASSETCATALOG_COMPILER_APPICON_NAME = AppIcon;
				ASSETCATALOG_COMPILER_GLOBAL_ACCENT_COLOR_NAME = AccentColor;
				CODE_SIGN_STYLE = Automatic;
				INFOPLIST_FILE = Spotify/Info.plist;
				LD_RUNPATH_SEARCH_PATHS = (
					"$(inherited)",
					"@executable_path/Frameworks",
				);
				PRODUCT_BUNDLE_IDENTIFIER = com.IannisGiannakidis.Spotify;
				PRODUCT_NAME = "$(TARGET_NAME)";
				SWIFT_VERSION = 5.0;
				TARGETED_DEVICE_FAMILY = "1,2";
			};
			name = Debug;
		};
		0BFBEB1025DC9FBB0026CEC8 /* Release */ = {
			isa = XCBuildConfiguration;
			baseConfigurationReference = CC44ED03EA879DB93527DC8E /* Pods-Spotify.release.xcconfig */;
			buildSettings = {
				ASSETCATALOG_COMPILER_APPICON_NAME = AppIcon;
				ASSETCATALOG_COMPILER_GLOBAL_ACCENT_COLOR_NAME = AccentColor;
				CODE_SIGN_STYLE = Automatic;
				INFOPLIST_FILE = Spotify/Info.plist;
				LD_RUNPATH_SEARCH_PATHS = (
					"$(inherited)",
					"@executable_path/Frameworks",
				);
				PRODUCT_BUNDLE_IDENTIFIER = com.IannisGiannakidis.Spotify;
				PRODUCT_NAME = "$(TARGET_NAME)";
				SWIFT_VERSION = 5.0;
				TARGETED_DEVICE_FAMILY = "1,2";
			};
			name = Release;
		};
/* End XCBuildConfiguration section */

/* Begin XCConfigurationList section */
		0BFBEAF525DC9FBA0026CEC8 /* Build configuration list for PBXProject "Spotify" */ = {
			isa = XCConfigurationList;
			buildConfigurations = (
				0BFBEB0C25DC9FBB0026CEC8 /* Debug */,
				0BFBEB0D25DC9FBB0026CEC8 /* Release */,
			);
			defaultConfigurationIsVisible = 0;
			defaultConfigurationName = Release;
		};
		0BFBEB0E25DC9FBB0026CEC8 /* Build configuration list for PBXNativeTarget "Spotify" */ = {
			isa = XCConfigurationList;
			buildConfigurations = (
				0BFBEB0F25DC9FBB0026CEC8 /* Debug */,
				0BFBEB1025DC9FBB0026CEC8 /* Release */,
			);
			defaultConfigurationIsVisible = 0;
			defaultConfigurationName = Release;
		};
/* End XCConfigurationList section */
	};
	rootObject = 0BFBEAF225DC9FBA0026CEC8 /* Project object */;
}
